
Microsoft Visual Studio Solution File, Format Version 12.00
# Visual Studio Version 17
VisualStudioVersion = 17.2.32616.157
MinimumVisualStudioVersion = 10.0.40219.1
Project("{FAE04EC0-301F-11D3-BF4B-00C04F79EFBC}") = "JENKINS5", "JENKINS5\JENKINS5.csproj", "{FEFD1B74-E377-4C19-A550-691171B20F8D}"
EndProject
Global
	GlobalSection(SolutionConfigurationPlatforms) = preSolution
		Debug|Any CPU = Debug|Any CPU
		Release|Any CPU = Release|Any CPU
	EndGlobalSection
	GlobalSection(ProjectConfigurationPlatforms) = postSolution
		{FEFD1B74-E377-4C19-A550-691171B20F8D}.Debug|Any CPU.ActiveCfg = Debug|Any CPU
		{FEFD1B74-E377-4C19-A550-691171B20F8D}.Debug|Any CPU.Build.0 = Debug|Any CPU
		{FEFD1B74-E377-4C19-A550-691171B20F8D}.Release|Any CPU.ActiveCfg = Release|Any CPU
		{FEFD1B74-E377-4C19-A550-691171B20F8D}.Release|Any CPU.Build.0 = Release|Any CPU
	EndGlobalSection
	GlobalSection(SolutionProperties) = preSolution
		HideSolutionNode = FALSE
	EndGlobalSection
	GlobalSection(ExtensibilityGlobals) = postSolution
		SolutionGuid = {652F8E36-E5B3-4B67-85F2-57DEFA5FE819}
	EndGlobalSection
EndGlobal
